
Microsoft Visual Studio Solution File, Format Version 12.00
# Visual Studio Version 17
VisualStudioVersion = 17.5.33516.290
MinimumVisualStudioVersion = 10.0.40219.1
Project("{FAE04EC0-301F-11D3-BF4B-00C04F79EFBC}") = "Calendar6", "Calendar6\Calendar6.csproj", "{31954920-B054-49C8-B53F-137272602694}"
EndProject
Global
	GlobalSection(SolutionConfigurationPlatforms) = preSolution
		Debug|Any CPU = Debug|Any CPU
		Release|Any CPU = Release|Any CPU
	EndGlobalSection
	GlobalSection(ProjectConfigurationPlatforms) = postSolution
		{31954920-B054-49C8-B53F-137272602694}.Debug|Any CPU.ActiveCfg = Debug|Any CPU
		{31954920-B054-49C8-B53F-137272602694}.Debug|Any CPU.Build.0 = Debug|Any CPU
		{31954920-B054-49C8-B53F-137272602694}.Release|Any CPU.ActiveCfg = Release|Any CPU
		{31954920-B054-49C8-B53F-137272602694}.Release|Any CPU.Build.0 = Release|Any CPU
	EndGlobalSection
	GlobalSection(SolutionProperties) = preSolution
		HideSolutionNode = FALSE
	EndGlobalSection
	GlobalSection(ExtensibilityGlobals) = postSolution
		SolutionGuid = {587A30BF-A63C-4017-A255-291DB49C6BEE}
	EndGlobalSection
EndGlobal
